# This file is automatically @generated by Cargo.
# It is not intended for manual editing.
version = 3

[[package]]
name = "fomoxa-attributes"
version = "0.1.1"
source = "registry+https://github.com/rust-lang/crates.io-index"
checksum = "25ebf071eccdd5586a3f8823dcd108a9441842883e275b9fa32b92e5fb2d144f"

[[package]]
name = "fomoxa-net"
version = "0.1.1"
dependencies = [
 "fomoxa-attributes",
]
